
Microsoft Visual Studio Solution File, Format Version 12.00
# Visual Studio 2013
VisualStudioVersion = 12.0.31101.0
MinimumVisualStudioVersion = 10.0.40219.1
Project("{FAE04EC0-301F-11D3-BF4B-00C04F79EFBC}") = "entity_extension_acad2014", "entity_extension_acad2014\entity_extension_acad2014.csproj", "{7AC675CF-534D-44A9-A922-8D0546549A71}"
	ProjectSection(ProjectDependencies) = postProject
		{8FE48E69-71EC-4350-B7EC-DAA1F486120E} = {8FE48E69-71EC-4350-B7EC-DAA1F486120E}
		{C1BFD672-6A10-49C7-92D7-8329C5A1CFCE} = {C1BFD672-6A10-49C7-92D7-8329C5A1CFCE}
		{580E67BA-F039-4715-A4DA-6FAFE1446679} = {580E67BA-F039-4715-A4DA-6FAFE1446679}
	EndProjectSection
EndProject
Project("{FAE04EC0-301F-11D3-BF4B-00C04F79EFBC}") = "is2GraphObj_net4.0", "is2GraphObj_net\is2GraphObj_net4.0.csproj", "{C1BFD672-6A10-49C7-92D7-8329C5A1CFCE}"
EndProject
Project("{FAE04EC0-301F-11D3-BF4B-00C04F79EFBC}") = "is2GraphObj_net4.5", "is2GraphObj_net\is2GraphObj_net4.5.csproj", "{63CA9B09-D7B6-41A2-9EF0-B5294A832D8E}"
EndProject
Project("{FAE04EC0-301F-11D3-BF4B-00C04F79EFBC}") = "is2GraphObj_net3.5", "is2GraphObj_net\is2GraphObj_net3.5.csproj", "{B3F3D12E-73C8-47E9-BCE4-364FFE166DB8}"
EndProject
Project("{FAE04EC0-301F-11D3-BF4B-00C04F79EFBC}") = "is2GraphObj_net4.5.1", "is2GraphObj_net\is2GraphObj_net4.5.1.csproj", "{99F03DA0-A470-4D86-91C6-F04C62444883}"
EndProject
Project("{FAE04EC0-301F-11D3-BF4B-00C04F79EFBC}") = "is2GraphObj_net3.0", "is2GraphObj_net\is2GraphObj_net3.0.csproj", "{2AC61E02-4332-4894-958E-8363E6401474}"
EndProject
Project("{FAE04EC0-301F-11D3-BF4B-00C04F79EFBC}") = "is2GraphObj_net2.0", "is2GraphObj_net\is2GraphObj_net2.0.csproj", "{87E7DD1B-5A08-4B7D-92E6-EA684930E629}"
EndProject
Project("{FAE04EC0-301F-11D3-BF4B-00C04F79EFBC}") = "translator_is2graph_nx11", "translator_is2graph_nx11\translator_is2graph_nx11.csproj", "{93D6B731-EB67-49E7-94B9-FF017FD52E39}"
	ProjectSection(ProjectDependencies) = postProject
		{99F03DA0-A470-4D86-91C6-F04C62444883} = {99F03DA0-A470-4D86-91C6-F04C62444883}
	EndProjectSection
EndProject
Project("{FAE04EC0-301F-11D3-BF4B-00C04F79EFBC}") = "is2GraphObj_net4.5.2", "is2GraphObj_net\is2GraphObj_net4.5.2.csproj", "{C7FEE772-37F4-4B07-A761-A71DD4C73F30}"
EndProject
Project("{FAE04EC0-301F-11D3-BF4B-00C04F79EFBC}") = "is2GraphObj_net4.6", "is2GraphObj_net\is2GraphObj_net4.6.csproj", "{1A6FFA08-1A27-4D84-9D34-F4E17DFDD5BA}"
EndProject
Project("{8BC9CEB8-8B4A-11D0-8D11-00A0C91BC942}") = "is2GraphObj_cpp_clr_net4.0", "is2GraphObj_cpp_clr_net4.0\is2GraphObj_cpp_clr_net4.0.vcxproj", "{5A9AA999-5BE9-449B-ADF8-C07B2896BCD6}"
EndProject
Project("{FAE04EC0-301F-11D3-BF4B-00C04F79EFBC}") = "utilities_acad2014", "utilities_acad2014\utilities_acad2014.csproj", "{8FE48E69-71EC-4350-B7EC-DAA1F486120E}"
EndProject
Project("{FAE04EC0-301F-11D3-BF4B-00C04F79EFBC}") = "utilities_acad2016", "utilities_acad2016\utilities_acad2016.csproj", "{8823854C-F171-4F9B-8C99-A5A785868CC0}"
EndProject
Project("{FAE04EC0-301F-11D3-BF4B-00C04F79EFBC}") = "entity_extension_acad2016", "entity_extension_acad2016\entity_extension_acad2016.csproj", "{E49FF340-B9E0-468D-B063-0CBFF83135A9}"
	ProjectSection(ProjectDependencies) = postProject
		{63CA9B09-D7B6-41A2-9EF0-B5294A832D8E} = {63CA9B09-D7B6-41A2-9EF0-B5294A832D8E}
		{8823854C-F171-4F9B-8C99-A5A785868CC0} = {8823854C-F171-4F9B-8C99-A5A785868CC0}
		{CA5B27AD-FF33-45FC-A2BB-C580BAB7F3D5} = {CA5B27AD-FF33-45FC-A2BB-C580BAB7F3D5}
	EndProjectSection
EndProject
Project("{FAE04EC0-301F-11D3-BF4B-00C04F79EFBC}") = "utilities_acad2010", "utilities_acad2010\utilities_acad2010.csproj", "{6EE93923-076F-4D1C-BF39-C71949C62BA9}"
EndProject
Project("{FAE04EC0-301F-11D3-BF4B-00C04F79EFBC}") = "utilities_acad2011", "utilities_acad2011\utilities_acad2011.csproj", "{11E8A749-4259-41E6-8428-DBE7C302A22D}"
EndProject
Project("{FAE04EC0-301F-11D3-BF4B-00C04F79EFBC}") = "utilities_acad2012", "utilities_acad2012\utilities_acad2012.csproj", "{3DCC2A42-740C-49B3-8471-BE51BA99F970}"
EndProject
Project("{FAE04EC0-301F-11D3-BF4B-00C04F79EFBC}") = "utilities_acad2013", "utilities_acad2013\utilities_acad2013.csproj", "{8B620A50-5350-4479-9328-DFBDD4A0351E}"
EndProject
Project("{FAE04EC0-301F-11D3-BF4B-00C04F79EFBC}") = "utilities_acad2015", "utilities_acad2015\utilities_acad2015.csproj", "{F9FC5ED8-95AE-4ADD-B9CD-C2A3887F0F5A}"
EndProject
Project("{FAE04EC0-301F-11D3-BF4B-00C04F79EFBC}") = "utilities_acad2017", "utilities_acad2017\utilities_acad2017.csproj", "{866C1DF0-C2BE-449A-ACE8-19ADB6006B1A}"
EndProject
Project("{FAE04EC0-301F-11D3-BF4B-00C04F79EFBC}") = "utilities_acad2018", "utilities_acad2018\utilities_acad2018.csproj", "{4A603BF8-B3B9-43EF-B701-2B1A54224BAD}"
EndProject
Project("{FAE04EC0-301F-11D3-BF4B-00C04F79EFBC}") = "translator_is2graph_acad2014", "translator_is2graph_acad2014\translator_is2graph_acad2014.csproj", "{580E67BA-F039-4715-A4DA-6FAFE1446679}"
	ProjectSection(ProjectDependencies) = postProject
		{C1BFD672-6A10-49C7-92D7-8329C5A1CFCE} = {C1BFD672-6A10-49C7-92D7-8329C5A1CFCE}
	EndProjectSection
EndProject
Project("{FAE04EC0-301F-11D3-BF4B-00C04F79EFBC}") = "translator_is2graph_acad2016", "translator_is2graph_acad2016\translator_is2graph_acad2016.csproj", "{CA5B27AD-FF33-45FC-A2BB-C580BAB7F3D5}"
	ProjectSection(ProjectDependencies) = postProject
		{63CA9B09-D7B6-41A2-9EF0-B5294A832D8E} = {63CA9B09-D7B6-41A2-9EF0-B5294A832D8E}
	EndProjectSection
EndProject
Project("{FAE04EC0-301F-11D3-BF4B-00C04F79EFBC}") = "translator_is2graph_acad2017", "translator_is2graph_acad2017\translator_is2graph_acad2017.csproj", "{67E8EEB6-8ADD-4BB2-A0D1-DC5574A8CC26}"
EndProject
Project("{FAE04EC0-301F-11D3-BF4B-00C04F79EFBC}") = "translator_is2graph_acad2018", "translator_is2graph_acad2018\translator_is2graph_acad2018.csproj", "{162A0AE6-B81C-45F9-AABC-B6BFD5E81CDE}"
EndProject
Project("{FAE04EC0-301F-11D3-BF4B-00C04F79EFBC}") = "translator_is2graph_acad2015", "translator_is2graph_acad2015\translator_is2graph_acad2015.csproj", "{419B3D61-A538-4342-A03D-D61FA2873688}"
EndProject
Project("{FAE04EC0-301F-11D3-BF4B-00C04F79EFBC}") = "translator_is2graph_acad2012", "translator_is2graph_acad2012\translator_is2graph_acad2012.csproj", "{D1A9B896-889C-485A-A526-18480FB349EE}"
EndProject
Project("{FAE04EC0-301F-11D3-BF4B-00C04F79EFBC}") = "translator_is2graph_acad2013", "translator_is2graph_acad2013\translator_is2graph_acad2013.csproj", "{7EF9872B-1B91-49D8-80F1-80737F652874}"
EndProject
Project("{FAE04EC0-301F-11D3-BF4B-00C04F79EFBC}") = "translator_is2graph_acad2010", "translator_is2graph_acad2010\translator_is2graph_acad2010.csproj", "{80B3CEF9-BC21-4DC2-8A9A-2615B707530D}"
EndProject
Project("{FAE04EC0-301F-11D3-BF4B-00C04F79EFBC}") = "translator_is2graph_acad2011", "translator_is2graph_acad2011\translator_is2graph_acad2011.csproj", "{25234112-C9E3-4332-9545-61E511113095}"
EndProject
Project("{FAE04EC0-301F-11D3-BF4B-00C04F79EFBC}") = "entity_extension_acad2015", "entity_extension_acad2015\entity_extension_acad2015.csproj", "{8AB555DE-BA5F-483B-A92F-4B237E53B30E}"
EndProject
Project("{FAE04EC0-301F-11D3-BF4B-00C04F79EFBC}") = "entity_extension_acad2017", "entity_extension_acad2017\entity_extension_acad2017.csproj", "{2865742A-FDF8-4080-8985-727F0FC3C3D8}"
EndProject
Project("{FAE04EC0-301F-11D3-BF4B-00C04F79EFBC}") = "entity_extension_acad2018", "entity_extension_acad2018\entity_extension_acad2018.csproj", "{AAB1F6AC-370D-4515-B116-D5571837F652}"
EndProject
Project("{FAE04EC0-301F-11D3-BF4B-00C04F79EFBC}") = "entity_extension_acad2010", "entity_extension_acad2010\entity_extension_acad2010.csproj", "{01D234ED-74DA-4F9E-AED2-71657A2ED67B}"
EndProject
Project("{FAE04EC0-301F-11D3-BF4B-00C04F79EFBC}") = "entity_extension_acad2011", "entity_extension_acad2011\entity_extension_acad2011.csproj", "{47A3255B-F331-4B65-9622-742BCB70055D}"
EndProject
Project("{FAE04EC0-301F-11D3-BF4B-00C04F79EFBC}") = "entity_extension_acad2012", "entity_extension_acad2012\entity_extension_acad2012.csproj", "{7CF1979D-DD2E-43FB-A7C7-BE60C4006213}"
EndProject
Project("{FAE04EC0-301F-11D3-BF4B-00C04F79EFBC}") = "entity_extension_acad2013", "entity_extension_acad2013\entity_extension_acad2013.csproj", "{D420654F-9773-4708-A634-22B409890BDE}"
EndProject
Project("{FAE04EC0-301F-11D3-BF4B-00C04F79EFBC}") = "Dev_is2GraphObj_acad2014", "Dev_is2GraphObj_acad2014\Dev_is2GraphObj_acad2014.csproj", "{54E706F1-DE84-4755-93FF-10AAD004AA26}"
	ProjectSection(ProjectDependencies) = postProject
		{8FE48E69-71EC-4350-B7EC-DAA1F486120E} = {8FE48E69-71EC-4350-B7EC-DAA1F486120E}
		{C1BFD672-6A10-49C7-92D7-8329C5A1CFCE} = {C1BFD672-6A10-49C7-92D7-8329C5A1CFCE}
		{580E67BA-F039-4715-A4DA-6FAFE1446679} = {580E67BA-F039-4715-A4DA-6FAFE1446679}
		{7AC675CF-534D-44A9-A922-8D0546549A71} = {7AC675CF-534D-44A9-A922-8D0546549A71}
	EndProjectSection
EndProject
Project("{FAE04EC0-301F-11D3-BF4B-00C04F79EFBC}") = "Dev_is2GraphObj_acad2016", "Dev_is2GraphObj_acad2016\Dev_is2GraphObj_acad2016.csproj", "{014127DC-812E-40DF-9819-EF88A11EC69E}"
	ProjectSection(ProjectDependencies) = postProject
		{63CA9B09-D7B6-41A2-9EF0-B5294A832D8E} = {63CA9B09-D7B6-41A2-9EF0-B5294A832D8E}
		{E49FF340-B9E0-468D-B063-0CBFF83135A9} = {E49FF340-B9E0-468D-B063-0CBFF83135A9}
		{8823854C-F171-4F9B-8C99-A5A785868CC0} = {8823854C-F171-4F9B-8C99-A5A785868CC0}
		{CA5B27AD-FF33-45FC-A2BB-C580BAB7F3D5} = {CA5B27AD-FF33-45FC-A2BB-C580BAB7F3D5}
	EndProjectSection
EndProject
Project("{FAE04EC0-301F-11D3-BF4B-00C04F79EFBC}") = "is2GraphObj_net4.6.1", "is2GraphObj_net\is2GraphObj_net4.6.1.csproj", "{01AD22F7-8B5F-489E-A25A-39FE57C5019B}"
EndProject
Project("{FAE04EC0-301F-11D3-BF4B-00C04F79EFBC}") = "is2GraphObj_net4.7.1", "is2GraphObj_net\is2GraphObj_net4.7.1.csproj", "{BDEA786B-300F-4074-A9CA-8603004F29F6}"
EndProject
Global
	GlobalSection(SolutionConfigurationPlatforms) = preSolution
		Debug|Any CPU = Debug|Any CPU
		Debug|ARM = Debug|ARM
		Debug|Mixed Platforms = Debug|Mixed Platforms
		Debug|Win32 = Debug|Win32
		Debug|x64 = Debug|x64
		Release|Any CPU = Release|Any CPU
		Release|ARM = Release|ARM
		Release|Mixed Platforms = Release|Mixed Platforms
		Release|Win32 = Release|Win32
		Release|x64 = Release|x64
	EndGlobalSection
	GlobalSection(ProjectConfigurationPlatforms) = postSolution
		{7AC675CF-534D-44A9-A922-8D0546549A71}.Debug|Any CPU.ActiveCfg = Debug|Any CPU
		{7AC675CF-534D-44A9-A922-8D0546549A71}.Debug|Any CPU.Build.0 = Debug|Any CPU
		{7AC675CF-534D-44A9-A922-8D0546549A71}.Debug|ARM.ActiveCfg = Debug|Any CPU
		{7AC675CF-534D-44A9-A922-8D0546549A71}.Debug|Mixed Platforms.ActiveCfg = Debug|Any CPU
		{7AC675CF-534D-44A9-A922-8D0546549A71}.Debug|Mixed Platforms.Build.0 = Debug|Any CPU
		{7AC675CF-534D-44A9-A922-8D0546549A71}.Debug|Win32.ActiveCfg = Debug|Any CPU
		{7AC675CF-534D-44A9-A922-8D0546549A71}.Debug|x64.ActiveCfg = Debug|Any CPU
		{7AC675CF-534D-44A9-A922-8D0546549A71}.Release|Any CPU.ActiveCfg = Release|Any CPU
		{7AC675CF-534D-44A9-A922-8D0546549A71}.Release|Any CPU.Build.0 = Release|Any CPU
		{7AC675CF-534D-44A9-A922-8D0546549A71}.Release|ARM.ActiveCfg = Release|Any CPU
		{7AC675CF-534D-44A9-A922-8D0546549A71}.Release|Mixed Platforms.ActiveCfg = Release|Any CPU
		{7AC675CF-534D-44A9-A922-8D0546549A71}.Release|Mixed Platforms.Build.0 = Release|Any CPU
		{7AC675CF-534D-44A9-A922-8D0546549A71}.Release|Win32.ActiveCfg = Release|Any CPU
		{7AC675CF-534D-44A9-A922-8D0546549A71}.Release|x64.ActiveCfg = Release|Any CPU
		{C1BFD672-6A10-49C7-92D7-8329C5A1CFCE}.Debug|Any CPU.ActiveCfg = Debug|Any CPU
		{C1BFD672-6A10-49C7-92D7-8329C5A1CFCE}.Debug|Any CPU.Build.0 = Debug|Any CPU
		{C1BFD672-6A10-49C7-92D7-8329C5A1CFCE}.Debug|ARM.ActiveCfg = Debug|Any CPU
		{C1BFD672-6A10-49C7-92D7-8329C5A1CFCE}.Debug|Mixed Platforms.ActiveCfg = Debug|Any CPU
		{C1BFD672-6A10-49C7-92D7-8329C5A1CFCE}.Debug|Mixed Platforms.Build.0 = Debug|Any CPU
		{C1BFD672-6A10-49C7-92D7-8329C5A1CFCE}.Debug|Win32.ActiveCfg = Debug|Any CPU
		{C1BFD672-6A10-49C7-92D7-8329C5A1CFCE}.Debug|x64.ActiveCfg = Debug|Any CPU
		{C1BFD672-6A10-49C7-92D7-8329C5A1CFCE}.Release|Any CPU.ActiveCfg = Release|Any CPU
		{C1BFD672-6A10-49C7-92D7-8329C5A1CFCE}.Release|Any CPU.Build.0 = Release|Any CPU
		{C1BFD672-6A10-49C7-92D7-8329C5A1CFCE}.Release|ARM.ActiveCfg = Release|Any CPU
		{C1BFD672-6A10-49C7-92D7-8329C5A1CFCE}.Release|Mixed Platforms.ActiveCfg = Release|Any CPU
		{C1BFD672-6A10-49C7-92D7-8329C5A1CFCE}.Release|Mixed Platforms.Build.0 = Release|Any CPU
		{C1BFD672-6A10-49C7-92D7-8329C5A1CFCE}.Release|Win32.ActiveCfg = Release|Any CPU
		{C1BFD672-6A10-49C7-92D7-8329C5A1CFCE}.Release|x64.ActiveCfg = Release|Any CPU
		{63CA9B09-D7B6-41A2-9EF0-B5294A832D8E}.Debug|Any CPU.ActiveCfg = Debug|Any CPU
		{63CA9B09-D7B6-41A2-9EF0-B5294A832D8E}.Debug|Any CPU.Build.0 = Debug|Any CPU
		{63CA9B09-D7B6-41A2-9EF0-B5294A832D8E}.Debug|ARM.ActiveCfg = Debug|Any CPU
		{63CA9B09-D7B6-41A2-9EF0-B5294A832D8E}.Debug|Mixed Platforms.ActiveCfg = Debug|Any CPU
		{63CA9B09-D7B6-41A2-9EF0-B5294A832D8E}.Debug|Mixed Platforms.Build.0 = Debug|Any CPU
		{63CA9B09-D7B6-41A2-9EF0-B5294A832D8E}.Debug|Win32.ActiveCfg = Debug|Any CPU
		{63CA9B09-D7B6-41A2-9EF0-B5294A832D8E}.Debug|x64.ActiveCfg = Debug|Any CPU
		{63CA9B09-D7B6-41A2-9EF0-B5294A832D8E}.Release|Any CPU.ActiveCfg = Release|Any CPU
		{63CA9B09-D7B6-41A2-9EF0-B5294A832D8E}.Release|Any CPU.Build.0 = Release|Any CPU
		{63CA9B09-D7B6-41A2-9EF0-B5294A832D8E}.Release|ARM.ActiveCfg = Release|Any CPU
		{63CA9B09-D7B6-41A2-9EF0-B5294A832D8E}.Release|Mixed Platforms.ActiveCfg = Release|Any CPU
		{63CA9B09-D7B6-41A2-9EF0-B5294A832D8E}.Release|Mixed Platforms.Build.0 = Release|Any CPU
		{63CA9B09-D7B6-41A2-9EF0-B5294A832D8E}.Release|Win32.ActiveCfg = Release|Any CPU
		{63CA9B09-D7B6-41A2-9EF0-B5294A832D8E}.Release|x64.ActiveCfg = Release|Any CPU
		{B3F3D12E-73C8-47E9-BCE4-364FFE166DB8}.Debug|Any CPU.ActiveCfg = Debug|Any CPU
		{B3F3D12E-73C8-47E9-BCE4-364FFE166DB8}.Debug|Any CPU.Build.0 = Debug|Any CPU
		{B3F3D12E-73C8-47E9-BCE4-364FFE166DB8}.Debug|ARM.ActiveCfg = Debug|Any CPU
		{B3F3D12E-73C8-47E9-BCE4-364FFE166DB8}.Debug|Mixed Platforms.ActiveCfg = Debug|Any CPU
		{B3F3D12E-73C8-47E9-BCE4-364FFE166DB8}.Debug|Mixed Platforms.Build.0 = Debug|Any CPU
		{B3F3D12E-73C8-47E9-BCE4-364FFE166DB8}.Debug|Win32.ActiveCfg = Debug|Any CPU
		{B3F3D12E-73C8-47E9-BCE4-364FFE166DB8}.Debug|x64.ActiveCfg = Debug|Any CPU
		{B3F3D12E-73C8-47E9-BCE4-364FFE166DB8}.Release|Any CPU.ActiveCfg = Release|Any CPU
		{B3F3D12E-73C8-47E9-BCE4-364FFE166DB8}.Release|Any CPU.Build.0 = Release|Any CPU
		{B3F3D12E-73C8-47E9-BCE4-364FFE166DB8}.Release|ARM.ActiveCfg = Release|Any CPU
		{B3F3D12E-73C8-47E9-BCE4-364FFE166DB8}.Release|Mixed Platforms.ActiveCfg = Release|Any CPU
		{B3F3D12E-73C8-47E9-BCE4-364FFE166DB8}.Release|Mixed Platforms.Build.0 = Release|Any CPU
		{B3F3D12E-73C8-47E9-BCE4-364FFE166DB8}.Release|Win32.ActiveCfg = Release|Any CPU
		{B3F3D12E-73C8-47E9-BCE4-364FFE166DB8}.Release|x64.ActiveCfg = Release|Any CPU
		{99F03DA0-A470-4D86-91C6-F04C62444883}.Debug|Any CPU.ActiveCfg = Debug|Any CPU
		{99F03DA0-A470-4D86-91C6-F04C62444883}.Debug|Any CPU.Build.0 = Debug|Any CPU
		{99F03DA0-A470-4D86-91C6-F04C62444883}.Debug|ARM.ActiveCfg = Debug|Any CPU
		{99F03DA0-A470-4D86-91C6-F04C62444883}.Debug|Mixed Platforms.ActiveCfg = Debug|Any CPU
		{99F03DA0-A470-4D86-91C6-F04C62444883}.Debug|Mixed Platforms.Build.0 = Debug|Any CPU
		{99F03DA0-A470-4D86-91C6-F04C62444883}.Debug|Win32.ActiveCfg = Debug|Any CPU
		{99F03DA0-A470-4D86-91C6-F04C62444883}.Debug|x64.ActiveCfg = Debug|Any CPU
		{99F03DA0-A470-4D86-91C6-F04C62444883}.Release|Any CPU.ActiveCfg = Release|Any CPU
		{99F03DA0-A470-4D86-91C6-F04C62444883}.Release|Any CPU.Build.0 = Release|Any CPU
		{99F03DA0-A470-4D86-91C6-F04C62444883}.Release|ARM.ActiveCfg = Release|Any CPU
		{99F03DA0-A470-4D86-91C6-F04C62444883}.Release|Mixed Platforms.ActiveCfg = Release|Any CPU
		{99F03DA0-A470-4D86-91C6-F04C62444883}.Release|Mixed Platforms.Build.0 = Release|Any CPU
		{99F03DA0-A470-4D86-91C6-F04C62444883}.Release|Win32.ActiveCfg = Release|Any CPU
		{99F03DA0-A470-4D86-91C6-F04C62444883}.Release|x64.ActiveCfg = Release|Any CPU
		{2AC61E02-4332-4894-958E-8363E6401474}.Debug|Any CPU.ActiveCfg = Debug|Any CPU
		{2AC61E02-4332-4894-958E-8363E6401474}.Debug|Any CPU.Build.0 = Debug|Any CPU
		{2AC61E02-4332-4894-958E-8363E6401474}.Debug|ARM.ActiveCfg = Debug|Any CPU
		{2AC61E02-4332-4894-958E-8363E6401474}.Debug|Mixed Platforms.ActiveCfg = Debug|Any CPU
		{2AC61E02-4332-4894-958E-8363E6401474}.Debug|Mixed Platforms.Build.0 = Debug|Any CPU
		{2AC61E02-4332-4894-958E-8363E6401474}.Debug|Win32.ActiveCfg = Debug|Any CPU
		{2AC61E02-4332-4894-958E-8363E6401474}.Debug|x64.ActiveCfg = Debug|Any CPU
		{2AC61E02-4332-4894-958E-8363E6401474}.Release|Any CPU.ActiveCfg = Release|Any CPU
		{2AC61E02-4332-4894-958E-8363E6401474}.Release|Any CPU.Build.0 = Release|Any CPU
		{2AC61E02-4332-4894-958E-8363E6401474}.Release|ARM.ActiveCfg = Release|Any CPU
		{2AC61E02-4332-4894-958E-8363E6401474}.Release|Mixed Platforms.ActiveCfg = Release|Any CPU
		{2AC61E02-4332-4894-958E-8363E6401474}.Release|Mixed Platforms.Build.0 = Release|Any CPU
		{2AC61E02-4332-4894-958E-8363E6401474}.Release|Win32.ActiveCfg = Release|Any CPU
		{2AC61E02-4332-4894-958E-8363E6401474}.Release|x64.ActiveCfg = Release|Any CPU
		{87E7DD1B-5A08-4B7D-92E6-EA684930E629}.Debug|Any CPU.ActiveCfg = Debug|Any CPU
		{87E7DD1B-5A08-4B7D-92E6-EA684930E629}.Debug|Any CPU.Build.0 = Debug|Any CPU
		{87E7DD1B-5A08-4B7D-92E6-EA684930E629}.Debug|ARM.ActiveCfg = Debug|Any CPU
		{87E7DD1B-5A08-4B7D-92E6-EA684930E629}.Debug|Mixed Platforms.ActiveCfg = Debug|Any CPU
		{87E7DD1B-5A08-4B7D-92E6-EA684930E629}.Debug|Mixed Platforms.Build.0 = Debug|Any CPU
		{87E7DD1B-5A08-4B7D-92E6-EA684930E629}.Debug|Win32.ActiveCfg = Debug|Any CPU
		{87E7DD1B-5A08-4B7D-92E6-EA684930E629}.Debug|x64.ActiveCfg = Debug|Any CPU
		{87E7DD1B-5A08-4B7D-92E6-EA684930E629}.Release|Any CPU.ActiveCfg = Release|Any CPU
		{87E7DD1B-5A08-4B7D-92E6-EA684930E629}.Release|Any CPU.Build.0 = Release|Any CPU
		{87E7DD1B-5A08-4B7D-92E6-EA684930E629}.Release|ARM.ActiveCfg = Release|Any CPU
		{87E7DD1B-5A08-4B7D-92E6-EA684930E629}.Release|Mixed Platforms.ActiveCfg = Release|Any CPU
		{87E7DD1B-5A08-4B7D-92E6-EA684930E629}.Release|Mixed Platforms.Build.0 = Release|Any CPU
		{87E7DD1B-5A08-4B7D-92E6-EA684930E629}.Release|Win32.ActiveCfg = Release|Any CPU
		{87E7DD1B-5A08-4B7D-92E6-EA684930E629}.Release|x64.ActiveCfg = Release|Any CPU
		{93D6B731-EB67-49E7-94B9-FF017FD52E39}.Debug|Any CPU.ActiveCfg = Debug|Any CPU
		{93D6B731-EB67-49E7-94B9-FF017FD52E39}.Debug|Any CPU.Build.0 = Debug|Any CPU
		{93D6B731-EB67-49E7-94B9-FF017FD52E39}.Debug|ARM.ActiveCfg = Debug|Any CPU
		{93D6B731-EB67-49E7-94B9-FF017FD52E39}.Debug|Mixed Platforms.ActiveCfg = Debug|Any CPU
		{93D6B731-EB67-49E7-94B9-FF017FD52E39}.Debug|Mixed Platforms.Build.0 = Debug|Any CPU
		{93D6B731-EB67-49E7-94B9-FF017FD52E39}.Debug|Win32.ActiveCfg = Debug|Any CPU
		{93D6B731-EB67-49E7-94B9-FF017FD52E39}.Debug|x64.ActiveCfg = Debug|Any CPU
		{93D6B731-EB67-49E7-94B9-FF017FD52E39}.Release|Any CPU.ActiveCfg = Release|Any CPU
		{93D6B731-EB67-49E7-94B9-FF017FD52E39}.Release|Any CPU.Build.0 = Release|Any CPU
		{93D6B731-EB67-49E7-94B9-FF017FD52E39}.Release|ARM.ActiveCfg = Release|Any CPU
		{93D6B731-EB67-49E7-94B9-FF017FD52E39}.Release|Mixed Platforms.ActiveCfg = Release|Any CPU
		{93D6B731-EB67-49E7-94B9-FF017FD52E39}.Release|Mixed Platforms.Build.0 = Release|Any CPU
		{93D6B731-EB67-49E7-94B9-FF017FD52E39}.Release|Win32.ActiveCfg = Release|Any CPU
		{93D6B731-EB67-49E7-94B9-FF017FD52E39}.Release|x64.ActiveCfg = Release|Any CPU
		{C7FEE772-37F4-4B07-A761-A71DD4C73F30}.Debug|Any CPU.ActiveCfg = Debug|Any CPU
		{C7FEE772-37F4-4B07-A761-A71DD4C73F30}.Debug|Any CPU.Build.0 = Debug|Any CPU
		{C7FEE772-37F4-4B07-A761-A71DD4C73F30}.Debug|ARM.ActiveCfg = Debug|Any CPU
		{C7FEE772-37F4-4B07-A761-A71DD4C73F30}.Debug|Mixed Platforms.ActiveCfg = Debug|Any CPU
		{C7FEE772-37F4-4B07-A761-A71DD4C73F30}.Debug|Mixed Platforms.Build.0 = Debug|Any CPU
		{C7FEE772-37F4-4B07-A761-A71DD4C73F30}.Debug|Win32.ActiveCfg = Debug|Any CPU
		{C7FEE772-37F4-4B07-A761-A71DD4C73F30}.Debug|x64.ActiveCfg = Debug|Any CPU
		{C7FEE772-37F4-4B07-A761-A71DD4C73F30}.Release|Any CPU.ActiveCfg = Release|Any CPU
		{C7FEE772-37F4-4B07-A761-A71DD4C73F30}.Release|Any CPU.Build.0 = Release|Any CPU
		{C7FEE772-37F4-4B07-A761-A71DD4C73F30}.Release|ARM.ActiveCfg = Release|Any CPU
		{C7FEE772-37F4-4B07-A761-A71DD4C73F30}.Release|Mixed Platforms.ActiveCfg = Release|Any CPU
		{C7FEE772-37F4-4B07-A761-A71DD4C73F30}.Release|Mixed Platforms.Build.0 = Release|Any CPU
		{C7FEE772-37F4-4B07-A761-A71DD4C73F30}.Release|Win32.ActiveCfg = Release|Any CPU
		{C7FEE772-37F4-4B07-A761-A71DD4C73F30}.Release|x64.ActiveCfg = Release|Any CPU
		{1A6FFA08-1A27-4D84-9D34-F4E17DFDD5BA}.Debug|Any CPU.ActiveCfg = Debug|Any CPU
		{1A6FFA08-1A27-4D84-9D34-F4E17DFDD5BA}.Debug|Any CPU.Build.0 = Debug|Any CPU
		{1A6FFA08-1A27-4D84-9D34-F4E17DFDD5BA}.Debug|ARM.ActiveCfg = Debug|Any CPU
		{1A6FFA08-1A27-4D84-9D34-F4E17DFDD5BA}.Debug|Mixed Platforms.ActiveCfg = Debug|Any CPU
		{1A6FFA08-1A27-4D84-9D34-F4E17DFDD5BA}.Debug|Mixed Platforms.Build.0 = Debug|Any CPU
		{1A6FFA08-1A27-4D84-9D34-F4E17DFDD5BA}.Debug|Win32.ActiveCfg = Debug|Any CPU
		{1A6FFA08-1A27-4D84-9D34-F4E17DFDD5BA}.Debug|x64.ActiveCfg = Debug|Any CPU
		{1A6FFA08-1A27-4D84-9D34-F4E17DFDD5BA}.Release|Any CPU.ActiveCfg = Release|Any CPU
		{1A6FFA08-1A27-4D84-9D34-F4E17DFDD5BA}.Release|Any CPU.Build.0 = Release|Any CPU
		{1A6FFA08-1A27-4D84-9D34-F4E17DFDD5BA}.Release|ARM.ActiveCfg = Release|Any CPU
		{1A6FFA08-1A27-4D84-9D34-F4E17DFDD5BA}.Release|Mixed Platforms.ActiveCfg = Release|Any CPU
		{1A6FFA08-1A27-4D84-9D34-F4E17DFDD5BA}.Release|Mixed Platforms.Build.0 = Release|Any CPU
		{1A6FFA08-1A27-4D84-9D34-F4E17DFDD5BA}.Release|Win32.ActiveCfg = Release|Any CPU
		{1A6FFA08-1A27-4D84-9D34-F4E17DFDD5BA}.Release|x64.ActiveCfg = Release|Any CPU
		{5A9AA999-5BE9-449B-ADF8-C07B2896BCD6}.Debug|Any CPU.ActiveCfg = Debug|Win32
		{5A9AA999-5BE9-449B-ADF8-C07B2896BCD6}.Debug|ARM.ActiveCfg = Debug|Win32
		{5A9AA999-5BE9-449B-ADF8-C07B2896BCD6}.Debug|Mixed Platforms.ActiveCfg = Debug|Win32
		{5A9AA999-5BE9-449B-ADF8-C07B2896BCD6}.Debug|Mixed Platforms.Build.0 = Debug|Win32
		{5A9AA999-5BE9-449B-ADF8-C07B2896BCD6}.Debug|Win32.ActiveCfg = Debug|Win32
		{5A9AA999-5BE9-449B-ADF8-C07B2896BCD6}.Debug|Win32.Build.0 = Debug|Win32
		{5A9AA999-5BE9-449B-ADF8-C07B2896BCD6}.Debug|x64.ActiveCfg = Debug|Win32
		{5A9AA999-5BE9-449B-ADF8-C07B2896BCD6}.Release|Any CPU.ActiveCfg = Release|Win32
		{5A9AA999-5BE9-449B-ADF8-C07B2896BCD6}.Release|ARM.ActiveCfg = Release|Win32
		{5A9AA999-5BE9-449B-ADF8-C07B2896BCD6}.Release|Mixed Platforms.ActiveCfg = Release|Win32
		{5A9AA999-5BE9-449B-ADF8-C07B2896BCD6}.Release|Mixed Platforms.Build.0 = Release|Win32
		{5A9AA999-5BE9-449B-ADF8-C07B2896BCD6}.Release|Win32.ActiveCfg = Release|Win32
		{5A9AA999-5BE9-449B-ADF8-C07B2896BCD6}.Release|Win32.Build.0 = Release|Win32
		{5A9AA999-5BE9-449B-ADF8-C07B2896BCD6}.Release|x64.ActiveCfg = Release|Win32
		{8FE48E69-71EC-4350-B7EC-DAA1F486120E}.Debug|Any CPU.ActiveCfg = Debug|Any CPU
		{8FE48E69-71EC-4350-B7EC-DAA1F486120E}.Debug|Any CPU.Build.0 = Debug|Any CPU
		{8FE48E69-71EC-4350-B7EC-DAA1F486120E}.Debug|ARM.ActiveCfg = Debug|Any CPU
		{8FE48E69-71EC-4350-B7EC-DAA1F486120E}.Debug|Mixed Platforms.ActiveCfg = Debug|Any CPU
		{8FE48E69-71EC-4350-B7EC-DAA1F486120E}.Debug|Mixed Platforms.Build.0 = Debug|Any CPU
		{8FE48E69-71EC-4350-B7EC-DAA1F486120E}.Debug|Win32.ActiveCfg = Debug|Any CPU
		{8FE48E69-71EC-4350-B7EC-DAA1F486120E}.Debug|x64.ActiveCfg = Debug|Any CPU
		{8FE48E69-71EC-4350-B7EC-DAA1F486120E}.Release|Any CPU.ActiveCfg = Release|Any CPU
		{8FE48E69-71EC-4350-B7EC-DAA1F486120E}.Release|Any CPU.Build.0 = Release|Any CPU
		{8FE48E69-71EC-4350-B7EC-DAA1F486120E}.Release|ARM.ActiveCfg = Release|Any CPU
		{8FE48E69-71EC-4350-B7EC-DAA1F486120E}.Release|Mixed Platforms.ActiveCfg = Release|Any CPU
		{8FE48E69-71EC-4350-B7EC-DAA1F486120E}.Release|Mixed Platforms.Build.0 = Release|Any CPU
		{8FE48E69-71EC-4350-B7EC-DAA1F486120E}.Release|Win32.ActiveCfg = Release|Any CPU
		{8FE48E69-71EC-4350-B7EC-DAA1F486120E}.Release|x64.ActiveCfg = Release|Any CPU
		{8823854C-F171-4F9B-8C99-A5A785868CC0}.Debug|Any CPU.ActiveCfg = Debug|Any CPU
		{8823854C-F171-4F9B-8C99-A5A785868CC0}.Debug|Any CPU.Build.0 = Debug|Any CPU
		{8823854C-F171-4F9B-8C99-A5A785868CC0}.Debug|ARM.ActiveCfg = Debug|Any CPU
		{8823854C-F171-4F9B-8C99-A5A785868CC0}.Debug|Mixed Platforms.ActiveCfg = Debug|Any CPU
		{8823854C-F171-4F9B-8C99-A5A785868CC0}.Debug|Mixed Platforms.Build.0 = Debug|Any CPU
		{8823854C-F171-4F9B-8C99-A5A785868CC0}.Debug|Win32.ActiveCfg = Debug|Any CPU
		{8823854C-F171-4F9B-8C99-A5A785868CC0}.Debug|x64.ActiveCfg = Debug|Any CPU
		{8823854C-F171-4F9B-8C99-A5A785868CC0}.Release|Any CPU.ActiveCfg = Release|Any CPU
		{8823854C-F171-4F9B-8C99-A5A785868CC0}.Release|Any CPU.Build.0 = Release|Any CPU
		{8823854C-F171-4F9B-8C99-A5A785868CC0}.Release|ARM.ActiveCfg = Release|Any CPU
		{8823854C-F171-4F9B-8C99-A5A785868CC0}.Release|Mixed Platforms.ActiveCfg = Release|Any CPU
		{8823854C-F171-4F9B-8C99-A5A785868CC0}.Release|Mixed Platforms.Build.0 = Release|Any CPU
		{8823854C-F171-4F9B-8C99-A5A785868CC0}.Release|Win32.ActiveCfg = Release|Any CPU
		{8823854C-F171-4F9B-8C99-A5A785868CC0}.Release|x64.ActiveCfg = Release|Any CPU
		{E49FF340-B9E0-468D-B063-0CBFF83135A9}.Debug|Any CPU.ActiveCfg = Debug|Any CPU
		{E49FF340-B9E0-468D-B063-0CBFF83135A9}.Debug|Any CPU.Build.0 = Debug|Any CPU
		{E49FF340-B9E0-468D-B063-0CBFF83135A9}.Debug|ARM.ActiveCfg = Debug|Any CPU
		{E49FF340-B9E0-468D-B063-0CBFF83135A9}.Debug|Mixed Platforms.ActiveCfg = Debug|Any CPU
		{E49FF340-B9E0-468D-B063-0CBFF83135A9}.Debug|Mixed Platforms.Build.0 = Debug|Any CPU
		{E49FF340-B9E0-468D-B063-0CBFF83135A9}.Debug|Win32.ActiveCfg = Debug|Any CPU
		{E49FF340-B9E0-468D-B063-0CBFF83135A9}.Debug|x64.ActiveCfg = Debug|Any CPU
		{E49FF340-B9E0-468D-B063-0CBFF83135A9}.Release|Any CPU.ActiveCfg = Release|Any CPU
		{E49FF340-B9E0-468D-B063-0CBFF83135A9}.Release|Any CPU.Build.0 = Release|Any CPU
		{E49FF340-B9E0-468D-B063-0CBFF83135A9}.Release|ARM.ActiveCfg = Release|Any CPU
		{E49FF340-B9E0-468D-B063-0CBFF83135A9}.Release|Mixed Platforms.ActiveCfg = Release|Any CPU
		{E49FF340-B9E0-468D-B063-0CBFF83135A9}.Release|Mixed Platforms.Build.0 = Release|Any CPU
		{E49FF340-B9E0-468D-B063-0CBFF83135A9}.Release|Win32.ActiveCfg = Release|Any CPU
		{E49FF340-B9E0-468D-B063-0CBFF83135A9}.Release|x64.ActiveCfg = Release|Any CPU
		{6EE93923-076F-4D1C-BF39-C71949C62BA9}.Debug|Any CPU.ActiveCfg = Debug|Any CPU
		{6EE93923-076F-4D1C-BF39-C71949C62BA9}.Debug|Any CPU.Build.0 = Debug|Any CPU
		{6EE93923-076F-4D1C-BF39-C71949C62BA9}.Debug|ARM.ActiveCfg = Debug|Any CPU
		{6EE93923-076F-4D1C-BF39-C71949C62BA9}.Debug|Mixed Platforms.ActiveCfg = Debug|Any CPU
		{6EE93923-076F-4D1C-BF39-C71949C62BA9}.Debug|Mixed Platforms.Build.0 = Debug|Any CPU
		{6EE93923-076F-4D1C-BF39-C71949C62BA9}.Debug|Win32.ActiveCfg = Debug|Any CPU
		{6EE93923-076F-4D1C-BF39-C71949C62BA9}.Debug|x64.ActiveCfg = Debug|Any CPU
		{6EE93923-076F-4D1C-BF39-C71949C62BA9}.Release|Any CPU.ActiveCfg = Release|Any CPU
		{6EE93923-076F-4D1C-BF39-C71949C62BA9}.Release|Any CPU.Build.0 = Release|Any CPU
		{6EE93923-076F-4D1C-BF39-C71949C62BA9}.Release|ARM.ActiveCfg = Release|Any CPU
		{6EE93923-076F-4D1C-BF39-C71949C62BA9}.Release|Mixed Platforms.ActiveCfg = Release|Any CPU
		{6EE93923-076F-4D1C-BF39-C71949C62BA9}.Release|Mixed Platforms.Build.0 = Release|Any CPU
		{6EE93923-076F-4D1C-BF39-C71949C62BA9}.Release|Win32.ActiveCfg = Release|Any CPU
		{6EE93923-076F-4D1C-BF39-C71949C62BA9}.Release|x64.ActiveCfg = Release|Any CPU
		{11E8A749-4259-41E6-8428-DBE7C302A22D}.Debug|Any CPU.ActiveCfg = Debug|Any CPU
		{11E8A749-4259-41E6-8428-DBE7C302A22D}.Debug|Any CPU.Build.0 = Debug|Any CPU
		{11E8A749-4259-41E6-8428-DBE7C302A22D}.Debug|ARM.ActiveCfg = Debug|Any CPU
		{11E8A749-4259-41E6-8428-DBE7C302A22D}.Debug|Mixed Platforms.ActiveCfg = Debug|Any CPU
		{11E8A749-4259-41E6-8428-DBE7C302A22D}.Debug|Mixed Platforms.Build.0 = Debug|Any CPU
		{11E8A749-4259-41E6-8428-DBE7C302A22D}.Debug|Win32.ActiveCfg = Debug|Any CPU
		{11E8A749-4259-41E6-8428-DBE7C302A22D}.Debug|x64.ActiveCfg = Debug|Any CPU
		{11E8A749-4259-41E6-8428-DBE7C302A22D}.Release|Any CPU.ActiveCfg = Release|Any CPU
		{11E8A749-4259-41E6-8428-DBE7C302A22D}.Release|Any CPU.Build.0 = Release|Any CPU
		{11E8A749-4259-41E6-8428-DBE7C302A22D}.Release|ARM.ActiveCfg = Release|Any CPU
		{11E8A749-4259-41E6-8428-DBE7C302A22D}.Release|Mixed Platforms.ActiveCfg = Release|Any CPU
		{11E8A749-4259-41E6-8428-DBE7C302A22D}.Release|Mixed Platforms.Build.0 = Release|Any CPU
		{11E8A749-4259-41E6-8428-DBE7C302A22D}.Release|Win32.ActiveCfg = Release|Any CPU
		{11E8A749-4259-41E6-8428-DBE7C302A22D}.Release|x64.ActiveCfg = Release|Any CPU
		{3DCC2A42-740C-49B3-8471-BE51BA99F970}.Debug|Any CPU.ActiveCfg = Debug|Any CPU
		{3DCC2A42-740C-49B3-8471-BE51BA99F970}.Debug|Any CPU.Build.0 = Debug|Any CPU
		{3DCC2A42-740C-49B3-8471-BE51BA99F970}.Debug|ARM.ActiveCfg = Debug|Any CPU
		{3DCC2A42-740C-49B3-8471-BE51BA99F970}.Debug|Mixed Platforms.ActiveCfg = Debug|Any CPU
		{3DCC2A42-740C-49B3-8471-BE51BA99F970}.Debug|Mixed Platforms.Build.0 = Debug|Any CPU
		{3DCC2A42-740C-49B3-8471-BE51BA99F970}.Debug|Win32.ActiveCfg = Debug|Any CPU
		{3DCC2A42-740C-49B3-8471-BE51BA99F970}.Debug|x64.ActiveCfg = Debug|Any CPU
		{3DCC2A42-740C-49B3-8471-BE51BA99F970}.Release|Any CPU.ActiveCfg = Release|Any CPU
		{3DCC2A42-740C-49B3-8471-BE51BA99F970}.Release|Any CPU.Build.0 = Release|Any CPU
		{3DCC2A42-740C-49B3-8471-BE51BA99F970}.Release|ARM.ActiveCfg = Release|Any CPU
		{3DCC2A42-740C-49B3-8471-BE51BA99F970}.Release|Mixed Platforms.ActiveCfg = Release|Any CPU
		{3DCC2A42-740C-49B3-8471-BE51BA99F970}.Release|Mixed Platforms.Build.0 = Release|Any CPU
		{3DCC2A42-740C-49B3-8471-BE51BA99F970}.Release|Win32.ActiveCfg = Release|Any CPU
		{3DCC2A42-740C-49B3-8471-BE51BA99F970}.Release|x64.ActiveCfg = Release|Any CPU
		{8B620A50-5350-4479-9328-DFBDD4A0351E}.Debug|Any CPU.ActiveCfg = Debug|Any CPU
		{8B620A50-5350-4479-9328-DFBDD4A0351E}.Debug|Any CPU.Build.0 = Debug|Any CPU
		{8B620A50-5350-4479-9328-DFBDD4A0351E}.Debug|ARM.ActiveCfg = Debug|Any CPU
		{8B620A50-5350-4479-9328-DFBDD4A0351E}.Debug|Mixed Platforms.ActiveCfg = Debug|Any CPU
		{8B620A50-5350-4479-9328-DFBDD4A0351E}.Debug|Mixed Platforms.Build.0 = Debug|Any CPU
		{8B620A50-5350-4479-9328-DFBDD4A0351E}.Debug|Win32.ActiveCfg = Debug|Any CPU
		{8B620A50-5350-4479-9328-DFBDD4A0351E}.Debug|x64.ActiveCfg = Debug|Any CPU
		{8B620A50-5350-4479-9328-DFBDD4A0351E}.Release|Any CPU.ActiveCfg = Release|Any CPU
		{8B620A50-5350-4479-9328-DFBDD4A0351E}.Release|Any CPU.Build.0 = Release|Any CPU
		{8B620A50-5350-4479-9328-DFBDD4A0351E}.Release|ARM.ActiveCfg = Release|Any CPU
		{8B620A50-5350-4479-9328-DFBDD4A0351E}.Release|Mixed Platforms.ActiveCfg = Release|Any CPU
		{8B620A50-5350-4479-9328-DFBDD4A0351E}.Release|Mixed Platforms.Build.0 = Release|Any CPU
		{8B620A50-5350-4479-9328-DFBDD4A0351E}.Release|Win32.ActiveCfg = Release|Any CPU
		{8B620A50-5350-4479-9328-DFBDD4A0351E}.Release|x64.ActiveCfg = Release|Any CPU
		{F9FC5ED8-95AE-4ADD-B9CD-C2A3887F0F5A}.Debug|Any CPU.ActiveCfg = Debug|Any CPU
		{F9FC5ED8-95AE-4ADD-B9CD-C2A3887F0F5A}.Debug|Any CPU.Build.0 = Debug|Any CPU
		{F9FC5ED8-95AE-4ADD-B9CD-C2A3887F0F5A}.Debug|ARM.ActiveCfg = Debug|Any CPU
		{F9FC5ED8-95AE-4ADD-B9CD-C2A3887F0F5A}.Debug|Mixed Platforms.ActiveCfg = Debug|Any CPU
		{F9FC5ED8-95AE-4ADD-B9CD-C2A3887F0F5A}.Debug|Mixed Platforms.Build.0 = Debug|Any CPU
		{F9FC5ED8-95AE-4ADD-B9CD-C2A3887F0F5A}.Debug|Win32.ActiveCfg = Debug|Any CPU
		{F9FC5ED8-95AE-4ADD-B9CD-C2A3887F0F5A}.Debug|x64.ActiveCfg = Debug|Any CPU
		{F9FC5ED8-95AE-4ADD-B9CD-C2A3887F0F5A}.Release|Any CPU.ActiveCfg = Release|Any CPU
		{F9FC5ED8-95AE-4ADD-B9CD-C2A3887F0F5A}.Release|Any CPU.Build.0 = Release|Any CPU
		{F9FC5ED8-95AE-4ADD-B9CD-C2A3887F0F5A}.Release|ARM.ActiveCfg = Release|Any CPU
		{F9FC5ED8-95AE-4ADD-B9CD-C2A3887F0F5A}.Release|Mixed Platforms.ActiveCfg = Release|Any CPU
		{F9FC5ED8-95AE-4ADD-B9CD-C2A3887F0F5A}.Release|Mixed Platforms.Build.0 = Release|Any CPU
		{F9FC5ED8-95AE-4ADD-B9CD-C2A3887F0F5A}.Release|Win32.ActiveCfg = Release|Any CPU
		{F9FC5ED8-95AE-4ADD-B9CD-C2A3887F0F5A}.Release|x64.ActiveCfg = Release|Any CPU
		{866C1DF0-C2BE-449A-ACE8-19ADB6006B1A}.Debug|Any CPU.ActiveCfg = Debug|Any CPU
		{866C1DF0-C2BE-449A-ACE8-19ADB6006B1A}.Debug|Any CPU.Build.0 = Debug|Any CPU
		{866C1DF0-C2BE-449A-ACE8-19ADB6006B1A}.Debug|ARM.ActiveCfg = Debug|Any CPU
		{866C1DF0-C2BE-449A-ACE8-19ADB6006B1A}.Debug|Mixed Platforms.ActiveCfg = Debug|Any CPU
		{866C1DF0-C2BE-449A-ACE8-19ADB6006B1A}.Debug|Mixed Platforms.Build.0 = Debug|Any CPU
		{866C1DF0-C2BE-449A-ACE8-19ADB6006B1A}.Debug|Win32.ActiveCfg = Debug|Any CPU
		{866C1DF0-C2BE-449A-ACE8-19ADB6006B1A}.Debug|x64.ActiveCfg = Debug|Any CPU
		{866C1DF0-C2BE-449A-ACE8-19ADB6006B1A}.Release|Any CPU.ActiveCfg = Release|Any CPU
		{866C1DF0-C2BE-449A-ACE8-19ADB6006B1A}.Release|Any CPU.Build.0 = Release|Any CPU
		{866C1DF0-C2BE-449A-ACE8-19ADB6006B1A}.Release|ARM.ActiveCfg = Release|Any CPU
		{866C1DF0-C2BE-449A-ACE8-19ADB6006B1A}.Release|Mixed Platforms.ActiveCfg = Release|Any CPU
		{866C1DF0-C2BE-449A-ACE8-19ADB6006B1A}.Release|Mixed Platforms.Build.0 = Release|Any CPU
		{866C1DF0-C2BE-449A-ACE8-19ADB6006B1A}.Release|Win32.ActiveCfg = Release|Any CPU
		{866C1DF0-C2BE-449A-ACE8-19ADB6006B1A}.Release|x64.ActiveCfg = Release|Any CPU
		{4A603BF8-B3B9-43EF-B701-2B1A54224BAD}.Debug|Any CPU.ActiveCfg = Debug|Any CPU
		{4A603BF8-B3B9-43EF-B701-2B1A54224BAD}.Debug|Any CPU.Build.0 = Debug|Any CPU
		{4A603BF8-B3B9-43EF-B701-2B1A54224BAD}.Debug|ARM.ActiveCfg = Debug|Any CPU
		{4A603BF8-B3B9-43EF-B701-2B1A54224BAD}.Debug|Mixed Platforms.ActiveCfg = Debug|Any CPU
		{4A603BF8-B3B9-43EF-B701-2B1A54224BAD}.Debug|Mixed Platforms.Build.0 = Debug|Any CPU
		{4A603BF8-B3B9-43EF-B701-2B1A54224BAD}.Debug|Win32.ActiveCfg = Debug|Any CPU
		{4A603BF8-B3B9-43EF-B701-2B1A54224BAD}.Debug|x64.ActiveCfg = Debug|Any CPU
		{4A603BF8-B3B9-43EF-B701-2B1A54224BAD}.Release|Any CPU.ActiveCfg = Release|Any CPU
		{4A603BF8-B3B9-43EF-B701-2B1A54224BAD}.Release|Any CPU.Build.0 = Release|Any CPU
		{4A603BF8-B3B9-43EF-B701-2B1A54224BAD}.Release|ARM.ActiveCfg = Release|Any CPU
		{4A603BF8-B3B9-43EF-B701-2B1A54224BAD}.Release|Mixed Platforms.ActiveCfg = Release|Any CPU
		{4A603BF8-B3B9-43EF-B701-2B1A54224BAD}.Release|Mixed Platforms.Build.0 = Release|Any CPU
		{4A603BF8-B3B9-43EF-B701-2B1A54224BAD}.Release|Win32.ActiveCfg = Release|Any CPU
		{4A603BF8-B3B9-43EF-B701-2B1A54224BAD}.Release|x64.ActiveCfg = Release|Any CPU
		{580E67BA-F039-4715-A4DA-6FAFE1446679}.Debug|Any CPU.ActiveCfg = Debug|Any CPU
		{580E67BA-F039-4715-A4DA-6FAFE1446679}.Debug|Any CPU.Build.0 = Debug|Any CPU
		{580E67BA-F039-4715-A4DA-6FAFE1446679}.Debug|ARM.ActiveCfg = Debug|Any CPU
		{580E67BA-F039-4715-A4DA-6FAFE1446679}.Debug|Mixed Platforms.ActiveCfg = Debug|Any CPU
		{580E67BA-F039-4715-A4DA-6FAFE1446679}.Debug|Mixed Platforms.Build.0 = Debug|Any CPU
		{580E67BA-F039-4715-A4DA-6FAFE1446679}.Debug|Win32.ActiveCfg = Debug|Any CPU
		{580E67BA-F039-4715-A4DA-6FAFE1446679}.Debug|x64.ActiveCfg = Debug|Any CPU
		{580E67BA-F039-4715-A4DA-6FAFE1446679}.Release|Any CPU.ActiveCfg = Release|Any CPU
		{580E67BA-F039-4715-A4DA-6FAFE1446679}.Release|Any CPU.Build.0 = Release|Any CPU
		{580E67BA-F039-4715-A4DA-6FAFE1446679}.Release|ARM.ActiveCfg = Release|Any CPU
		{580E67BA-F039-4715-A4DA-6FAFE1446679}.Release|Mixed Platforms.ActiveCfg = Release|Any CPU
		{580E67BA-F039-4715-A4DA-6FAFE1446679}.Release|Mixed Platforms.Build.0 = Release|Any CPU
		{580E67BA-F039-4715-A4DA-6FAFE1446679}.Release|Win32.ActiveCfg = Release|Any CPU
		{580E67BA-F039-4715-A4DA-6FAFE1446679}.Release|x64.ActiveCfg = Release|Any CPU
		{CA5B27AD-FF33-45FC-A2BB-C580BAB7F3D5}.Debug|Any CPU.ActiveCfg = Debug|Any CPU
		{CA5B27AD-FF33-45FC-A2BB-C580BAB7F3D5}.Debug|Any CPU.Build.0 = Debug|Any CPU
		{CA5B27AD-FF33-45FC-A2BB-C580BAB7F3D5}.Debug|ARM.ActiveCfg = Debug|Any CPU
		{CA5B27AD-FF33-45FC-A2BB-C580BAB7F3D5}.Debug|Mixed Platforms.ActiveCfg = Debug|Any CPU
		{CA5B27AD-FF33-45FC-A2BB-C580BAB7F3D5}.Debug|Mixed Platforms.Build.0 = Debug|Any CPU
		{CA5B27AD-FF33-45FC-A2BB-C580BAB7F3D5}.Debug|Win32.ActiveCfg = Debug|Any CPU
		{CA5B27AD-FF33-45FC-A2BB-C580BAB7F3D5}.Debug|x64.ActiveCfg = Debug|Any CPU
		{CA5B27AD-FF33-45FC-A2BB-C580BAB7F3D5}.Release|Any CPU.ActiveCfg = Release|Any CPU
		{CA5B27AD-FF33-45FC-A2BB-C580BAB7F3D5}.Release|Any CPU.Build.0 = Release|Any CPU
		{CA5B27AD-FF33-45FC-A2BB-C580BAB7F3D5}.Release|ARM.ActiveCfg = Release|Any CPU
		{CA5B27AD-FF33-45FC-A2BB-C580BAB7F3D5}.Release|Mixed Platforms.ActiveCfg = Release|Any CPU
		{CA5B27AD-FF33-45FC-A2BB-C580BAB7F3D5}.Release|Mixed Platforms.Build.0 = Release|Any CPU
		{CA5B27AD-FF33-45FC-A2BB-C580BAB7F3D5}.Release|Win32.ActiveCfg = Release|Any CPU
		{CA5B27AD-FF33-45FC-A2BB-C580BAB7F3D5}.Release|x64.ActiveCfg = Release|Any CPU
		{67E8EEB6-8ADD-4BB2-A0D1-DC5574A8CC26}.Debug|Any CPU.ActiveCfg = Debug|Any CPU
		{67E8EEB6-8ADD-4BB2-A0D1-DC5574A8CC26}.Debug|Any CPU.Build.0 = Debug|Any CPU
		{67E8EEB6-8ADD-4BB2-A0D1-DC5574A8CC26}.Debug|ARM.ActiveCfg = Debug|Any CPU
		{67E8EEB6-8ADD-4BB2-A0D1-DC5574A8CC26}.Debug|Mixed Platforms.ActiveCfg = Debug|Any CPU
		{67E8EEB6-8ADD-4BB2-A0D1-DC5574A8CC26}.Debug|Mixed Platforms.Build.0 = Debug|Any CPU
		{67E8EEB6-8ADD-4BB2-A0D1-DC5574A8CC26}.Debug|Win32.ActiveCfg = Debug|Any CPU
		{67E8EEB6-8ADD-4BB2-A0D1-DC5574A8CC26}.Debug|x64.ActiveCfg = Debug|Any CPU
		{67E8EEB6-8ADD-4BB2-A0D1-DC5574A8CC26}.Release|Any CPU.ActiveCfg = Release|Any CPU
		{67E8EEB6-8ADD-4BB2-A0D1-DC5574A8CC26}.Release|Any CPU.Build.0 = Release|Any CPU
		{67E8EEB6-8ADD-4BB2-A0D1-DC5574A8CC26}.Release|ARM.ActiveCfg = Release|Any CPU
		{67E8EEB6-8ADD-4BB2-A0D1-DC5574A8CC26}.Release|Mixed Platforms.ActiveCfg = Release|Any CPU
		{67E8EEB6-8ADD-4BB2-A0D1-DC5574A8CC26}.Release|Mixed Platforms.Build.0 = Release|Any CPU
		{67E8EEB6-8ADD-4BB2-A0D1-DC5574A8CC26}.Release|Win32.ActiveCfg = Release|Any CPU
		{67E8EEB6-8ADD-4BB2-A0D1-DC5574A8CC26}.Release|x64.ActiveCfg = Release|Any CPU
		{162A0AE6-B81C-45F9-AABC-B6BFD5E81CDE}.Debug|Any CPU.ActiveCfg = Debug|Any CPU
		{162A0AE6-B81C-45F9-AABC-B6BFD5E81CDE}.Debug|Any CPU.Build.0 = Debug|Any CPU
		{162A0AE6-B81C-45F9-AABC-B6BFD5E81CDE}.Debug|ARM.ActiveCfg = Debug|Any CPU
		{162A0AE6-B81C-45F9-AABC-B6BFD5E81CDE}.Debug|Mixed Platforms.ActiveCfg = Debug|Any CPU
		{162A0AE6-B81C-45F9-AABC-B6BFD5E81CDE}.Debug|Mixed Platforms.Build.0 = Debug|Any CPU
		{162A0AE6-B81C-45F9-AABC-B6BFD5E81CDE}.Debug|Win32.ActiveCfg = Debug|Any CPU
		{162A0AE6-B81C-45F9-AABC-B6BFD5E81CDE}.Debug|x64.ActiveCfg = Debug|Any CPU
		{162A0AE6-B81C-45F9-AABC-B6BFD5E81CDE}.Release|Any CPU.ActiveCfg = Release|Any CPU
		{162A0AE6-B81C-45F9-AABC-B6BFD5E81CDE}.Release|Any CPU.Build.0 = Release|Any CPU
		{162A0AE6-B81C-45F9-AABC-B6BFD5E81CDE}.Release|ARM.ActiveCfg = Release|Any CPU
		{162A0AE6-B81C-45F9-AABC-B6BFD5E81CDE}.Release|Mixed Platforms.ActiveCfg = Release|Any CPU
		{162A0AE6-B81C-45F9-AABC-B6BFD5E81CDE}.Release|Mixed Platforms.Build.0 = Release|Any CPU
		{162A0AE6-B81C-45F9-AABC-B6BFD5E81CDE}.Release|Win32.ActiveCfg = Release|Any CPU
		{162A0AE6-B81C-45F9-AABC-B6BFD5E81CDE}.Release|x64.ActiveCfg = Release|Any CPU
		{419B3D61-A538-4342-A03D-D61FA2873688}.Debug|Any CPU.ActiveCfg = Debug|Any CPU
		{419B3D61-A538-4342-A03D-D61FA2873688}.Debug|Any CPU.Build.0 = Debug|Any CPU
		{419B3D61-A538-4342-A03D-D61FA2873688}.Debug|ARM.ActiveCfg = Debug|Any CPU
		{419B3D61-A538-4342-A03D-D61FA2873688}.Debug|Mixed Platforms.ActiveCfg = Debug|Any CPU
		{419B3D61-A538-4342-A03D-D61FA2873688}.Debug|Mixed Platforms.Build.0 = Debug|Any CPU
		{419B3D61-A538-4342-A03D-D61FA2873688}.Debug|Win32.ActiveCfg = Debug|Any CPU
		{419B3D61-A538-4342-A03D-D61FA2873688}.Debug|x64.ActiveCfg = Debug|Any CPU
		{419B3D61-A538-4342-A03D-D61FA2873688}.Release|Any CPU.ActiveCfg = Release|Any CPU
		{419B3D61-A538-4342-A03D-D61FA2873688}.Release|Any CPU.Build.0 = Release|Any CPU
		{419B3D61-A538-4342-A03D-D61FA2873688}.Release|ARM.ActiveCfg = Release|Any CPU
		{419B3D61-A538-4342-A03D-D61FA2873688}.Release|Mixed Platforms.ActiveCfg = Release|Any CPU
		{419B3D61-A538-4342-A03D-D61FA2873688}.Release|Mixed Platforms.Build.0 = Release|Any CPU
		{419B3D61-A538-4342-A03D-D61FA2873688}.Release|Win32.ActiveCfg = Release|Any CPU
		{419B3D61-A538-4342-A03D-D61FA2873688}.Release|x64.ActiveCfg = Release|Any CPU
		{D1A9B896-889C-485A-A526-18480FB349EE}.Debug|Any CPU.ActiveCfg = Debug|Any CPU
		{D1A9B896-889C-485A-A526-18480FB349EE}.Debug|Any CPU.Build.0 = Debug|Any CPU
		{D1A9B896-889C-485A-A526-18480FB349EE}.Debug|ARM.ActiveCfg = Debug|Any CPU
		{D1A9B896-889C-485A-A526-18480FB349EE}.Debug|Mixed Platforms.ActiveCfg = Debug|Any CPU
		{D1A9B896-889C-485A-A526-18480FB349EE}.Debug|Mixed Platforms.Build.0 = Debug|Any CPU
		{D1A9B896-889C-485A-A526-18480FB349EE}.Debug|Win32.ActiveCfg = Debug|Any CPU
		{D1A9B896-889C-485A-A526-18480FB349EE}.Debug|x64.ActiveCfg = Debug|Any CPU
		{D1A9B896-889C-485A-A526-18480FB349EE}.Release|Any CPU.ActiveCfg = Release|Any CPU
		{D1A9B896-889C-485A-A526-18480FB349EE}.Release|Any CPU.Build.0 = Release|Any CPU
		{D1A9B896-889C-485A-A526-18480FB349EE}.Release|ARM.ActiveCfg = Release|Any CPU
		{D1A9B896-889C-485A-A526-18480FB349EE}.Release|Mixed Platforms.ActiveCfg = Release|Any CPU
		{D1A9B896-889C-485A-A526-18480FB349EE}.Release|Mixed Platforms.Build.0 = Release|Any CPU
		{D1A9B896-889C-485A-A526-18480FB349EE}.Release|Win32.ActiveCfg = Release|Any CPU
		{D1A9B896-889C-485A-A526-18480FB349EE}.Release|x64.ActiveCfg = Release|Any CPU
		{7EF9872B-1B91-49D8-80F1-80737F652874}.Debug|Any CPU.ActiveCfg = Debug|Any CPU
		{7EF9872B-1B91-49D8-80F1-80737F652874}.Debug|Any CPU.Build.0 = Debug|Any CPU
		{7EF9872B-1B91-49D8-80F1-80737F652874}.Debug|ARM.ActiveCfg = Debug|Any CPU
		{7EF9872B-1B91-49D8-80F1-80737F652874}.Debug|Mixed Platforms.ActiveCfg = Debug|Any CPU
		{7EF9872B-1B91-49D8-80F1-80737F652874}.Debug|Mixed Platforms.Build.0 = Debug|Any CPU
		{7EF9872B-1B91-49D8-80F1-80737F652874}.Debug|Win32.ActiveCfg = Debug|Any CPU
		{7EF9872B-1B91-49D8-80F1-80737F652874}.Debug|x64.ActiveCfg = Debug|Any CPU
		{7EF9872B-1B91-49D8-80F1-80737F652874}.Release|Any CPU.ActiveCfg = Release|Any CPU
		{7EF9872B-1B91-49D8-80F1-80737F652874}.Release|Any CPU.Build.0 = Release|Any CPU
		{7EF9872B-1B91-49D8-80F1-80737F652874}.Release|ARM.ActiveCfg = Release|Any CPU
		{7EF9872B-1B91-49D8-80F1-80737F652874}.Release|Mixed Platforms.ActiveCfg = Release|Any CPU
		{7EF9872B-1B91-49D8-80F1-80737F652874}.Release|Mixed Platforms.Build.0 = Release|Any CPU
		{7EF9872B-1B91-49D8-80F1-80737F652874}.Release|Win32.ActiveCfg = Release|Any CPU
		{7EF9872B-1B91-49D8-80F1-80737F652874}.Release|x64.ActiveCfg = Release|Any CPU
		{80B3CEF9-BC21-4DC2-8A9A-2615B707530D}.Debug|Any CPU.ActiveCfg = Debug|Any CPU
		{80B3CEF9-BC21-4DC2-8A9A-2615B707530D}.Debug|Any CPU.Build.0 = Debug|Any CPU
		{80B3CEF9-BC21-4DC2-8A9A-2615B707530D}.Debug|ARM.ActiveCfg = Debug|Any CPU
		{80B3CEF9-BC21-4DC2-8A9A-2615B707530D}.Debug|Mixed Platforms.ActiveCfg = Debug|Any CPU
		{80B3CEF9-BC21-4DC2-8A9A-2615B707530D}.Debug|Mixed Platforms.Build.0 = Debug|Any CPU
		{80B3CEF9-BC21-4DC2-8A9A-2615B707530D}.Debug|Win32.ActiveCfg = Debug|Any CPU
		{80B3CEF9-BC21-4DC2-8A9A-2615B707530D}.Debug|x64.ActiveCfg = Debug|Any CPU
		{80B3CEF9-BC21-4DC2-8A9A-2615B707530D}.Release|Any CPU.ActiveCfg = Release|Any CPU
		{80B3CEF9-BC21-4DC2-8A9A-2615B707530D}.Release|Any CPU.Build.0 = Release|Any CPU
		{80B3CEF9-BC21-4DC2-8A9A-2615B707530D}.Release|ARM.ActiveCfg = Release|Any CPU
		{80B3CEF9-BC21-4DC2-8A9A-2615B707530D}.Release|Mixed Platforms.ActiveCfg = Release|Any CPU
		{80B3CEF9-BC21-4DC2-8A9A-2615B707530D}.Release|Mixed Platforms.Build.0 = Release|Any CPU
		{80B3CEF9-BC21-4DC2-8A9A-2615B707530D}.Release|Win32.ActiveCfg = Release|Any CPU
		{80B3CEF9-BC21-4DC2-8A9A-2615B707530D}.Release|x64.ActiveCfg = Release|Any CPU
		{25234112-C9E3-4332-9545-61E511113095}.Debug|Any CPU.ActiveCfg = Debug|Any CPU
		{25234112-C9E3-4332-9545-61E511113095}.Debug|Any CPU.Build.0 = Debug|Any CPU
		{25234112-C9E3-4332-9545-61E511113095}.Debug|ARM.ActiveCfg = Debug|Any CPU
		{25234112-C9E3-4332-9545-61E511113095}.Debug|Mixed Platforms.ActiveCfg = Debug|Any CPU
		{25234112-C9E3-4332-9545-61E511113095}.Debug|Mixed Platforms.Build.0 = Debug|Any CPU
		{25234112-C9E3-4332-9545-61E511113095}.Debug|Win32.ActiveCfg = Debug|Any CPU
		{25234112-C9E3-4332-9545-61E511113095}.Debug|x64.ActiveCfg = Debug|Any CPU
		{25234112-C9E3-4332-9545-61E511113095}.Release|Any CPU.ActiveCfg = Release|Any CPU
		{25234112-C9E3-4332-9545-61E511113095}.Release|Any CPU.Build.0 = Release|Any CPU
		{25234112-C9E3-4332-9545-61E511113095}.Release|ARM.ActiveCfg = Release|Any CPU
		{25234112-C9E3-4332-9545-61E511113095}.Release|Mixed Platforms.ActiveCfg = Release|Any CPU
		{25234112-C9E3-4332-9545-61E511113095}.Release|Mixed Platforms.Build.0 = Release|Any CPU
		{25234112-C9E3-4332-9545-61E511113095}.Release|Win32.ActiveCfg = Release|Any CPU
		{25234112-C9E3-4332-9545-61E511113095}.Release|x64.ActiveCfg = Release|Any CPU
		{8AB555DE-BA5F-483B-A92F-4B237E53B30E}.Debug|Any CPU.ActiveCfg = Debug|Any CPU
		{8AB555DE-BA5F-483B-A92F-4B237E53B30E}.Debug|Any CPU.Build.0 = Debug|Any CPU
		{8AB555DE-BA5F-483B-A92F-4B237E53B30E}.Debug|ARM.ActiveCfg = Debug|Any CPU
		{8AB555DE-BA5F-483B-A92F-4B237E53B30E}.Debug|Mixed Platforms.ActiveCfg = Debug|Any CPU
		{8AB555DE-BA5F-483B-A92F-4B237E53B30E}.Debug|Mixed Platforms.Build.0 = Debug|Any CPU
		{8AB555DE-BA5F-483B-A92F-4B237E53B30E}.Debug|Win32.ActiveCfg = Debug|Any CPU
		{8AB555DE-BA5F-483B-A92F-4B237E53B30E}.Debug|x64.ActiveCfg = Debug|Any CPU
		{8AB555DE-BA5F-483B-A92F-4B237E53B30E}.Release|Any CPU.ActiveCfg = Release|Any CPU
		{8AB555DE-BA5F-483B-A92F-4B237E53B30E}.Release|Any CPU.Build.0 = Release|Any CPU
		{8AB555DE-BA5F-483B-A92F-4B237E53B30E}.Release|ARM.ActiveCfg = Release|Any CPU
		{8AB555DE-BA5F-483B-A92F-4B237E53B30E}.Release|Mixed Platforms.ActiveCfg = Release|Any CPU
		{8AB555DE-BA5F-483B-A92F-4B237E53B30E}.Release|Mixed Platforms.Build.0 = Release|Any CPU
		{8AB555DE-BA5F-483B-A92F-4B237E53B30E}.Release|Win32.ActiveCfg = Release|Any CPU
		{8AB555DE-BA5F-483B-A92F-4B237E53B30E}.Release|x64.ActiveCfg = Release|Any CPU
		{2865742A-FDF8-4080-8985-727F0FC3C3D8}.Debug|Any CPU.ActiveCfg = Debug|Any CPU
		{2865742A-FDF8-4080-8985-727F0FC3C3D8}.Debug|Any CPU.Build.0 = Debug|Any CPU
		{2865742A-FDF8-4080-8985-727F0FC3C3D8}.Debug|ARM.ActiveCfg = Debug|Any CPU
		{2865742A-FDF8-4080-8985-727F0FC3C3D8}.Debug|Mixed Platforms.ActiveCfg = Debug|Any CPU
		{2865742A-FDF8-4080-8985-727F0FC3C3D8}.Debug|Mixed Platforms.Build.0 = Debug|Any CPU
		{2865742A-FDF8-4080-8985-727F0FC3C3D8}.Debug|Win32.ActiveCfg = Debug|Any CPU
		{2865742A-FDF8-4080-8985-727F0FC3C3D8}.Debug|x64.ActiveCfg = Debug|Any CPU
		{2865742A-FDF8-4080-8985-727F0FC3C3D8}.Release|Any CPU.ActiveCfg = Release|Any CPU
		{2865742A-FDF8-4080-8985-727F0FC3C3D8}.Release|Any CPU.Build.0 = Release|Any CPU
		{2865742A-FDF8-4080-8985-727F0FC3C3D8}.Release|ARM.ActiveCfg = Release|Any CPU
		{2865742A-FDF8-4080-8985-727F0FC3C3D8}.Release|Mixed Platforms.ActiveCfg = Release|Any CPU
		{2865742A-FDF8-4080-8985-727F0FC3C3D8}.Release|Mixed Platforms.Build.0 = Release|Any CPU
		{2865742A-FDF8-4080-8985-727F0FC3C3D8}.Release|Win32.ActiveCfg = Release|Any CPU
		{2865742A-FDF8-4080-8985-727F0FC3C3D8}.Release|x64.ActiveCfg = Release|Any CPU
		{AAB1F6AC-370D-4515-B116-D5571837F652}.Debug|Any CPU.ActiveCfg = Debug|Any CPU
		{AAB1F6AC-370D-4515-B116-D5571837F652}.Debug|Any CPU.Build.0 = Debug|Any CPU
		{AAB1F6AC-370D-4515-B116-D5571837F652}.Debug|ARM.ActiveCfg = Debug|Any CPU
		{AAB1F6AC-370D-4515-B116-D5571837F652}.Debug|Mixed Platforms.ActiveCfg = Debug|Any CPU
		{AAB1F6AC-370D-4515-B116-D5571837F652}.Debug|Mixed Platforms.Build.0 = Debug|Any CPU
		{AAB1F6AC-370D-4515-B116-D5571837F652}.Debug|Win32.ActiveCfg = Debug|Any CPU
		{AAB1F6AC-370D-4515-B116-D5571837F652}.Debug|x64.ActiveCfg = Debug|Any CPU
		{AAB1F6AC-370D-4515-B116-D5571837F652}.Release|Any CPU.ActiveCfg = Release|Any CPU
		{AAB1F6AC-370D-4515-B116-D5571837F652}.Release|Any CPU.Build.0 = Release|Any CPU
		{AAB1F6AC-370D-4515-B116-D5571837F652}.Release|ARM.ActiveCfg = Release|Any CPU
		{AAB1F6AC-370D-4515-B116-D5571837F652}.Release|Mixed Platforms.ActiveCfg = Release|Any CPU
		{AAB1F6AC-370D-4515-B116-D5571837F652}.Release|Mixed Platforms.Build.0 = Release|Any CPU
		{AAB1F6AC-370D-4515-B116-D5571837F652}.Release|Win32.ActiveCfg = Release|Any CPU
		{AAB1F6AC-370D-4515-B116-D5571837F652}.Release|x64.ActiveCfg = Release|Any CPU
		{01D234ED-74DA-4F9E-AED2-71657A2ED67B}.Debug|Any CPU.ActiveCfg = Debug|Any CPU
		{01D234ED-74DA-4F9E-AED2-71657A2ED67B}.Debug|Any CPU.Build.0 = Debug|Any CPU
		{01D234ED-74DA-4F9E-AED2-71657A2ED67B}.Debug|ARM.ActiveCfg = Debug|Any CPU
		{01D234ED-74DA-4F9E-AED2-71657A2ED67B}.Debug|Mixed Platforms.ActiveCfg = Debug|Any CPU
		{01D234ED-74DA-4F9E-AED2-71657A2ED67B}.Debug|Mixed Platforms.Build.0 = Debug|Any CPU
		{01D234ED-74DA-4F9E-AED2-71657A2ED67B}.Debug|Win32.ActiveCfg = Debug|Any CPU
		{01D234ED-74DA-4F9E-AED2-71657A2ED67B}.Debug|x64.ActiveCfg = Debug|Any CPU
		{01D234ED-74DA-4F9E-AED2-71657A2ED67B}.Release|Any CPU.ActiveCfg = Release|Any CPU
		{01D234ED-74DA-4F9E-AED2-71657A2ED67B}.Release|Any CPU.Build.0 = Release|Any CPU
		{01D234ED-74DA-4F9E-AED2-71657A2ED67B}.Release|ARM.ActiveCfg = Release|Any CPU
		{01D234ED-74DA-4F9E-AED2-71657A2ED67B}.Release|Mixed Platforms.ActiveCfg = Release|Any CPU
		{01D234ED-74DA-4F9E-AED2-71657A2ED67B}.Release|Mixed Platforms.Build.0 = Release|Any CPU
		{01D234ED-74DA-4F9E-AED2-71657A2ED67B}.Release|Win32.ActiveCfg = Release|Any CPU
		{01D234ED-74DA-4F9E-AED2-71657A2ED67B}.Release|x64.ActiveCfg = Release|Any CPU
		{47A3255B-F331-4B65-9622-742BCB70055D}.Debug|Any CPU.ActiveCfg = Debug|Any CPU
		{47A3255B-F331-4B65-9622-742BCB70055D}.Debug|Any CPU.Build.0 = Debug|Any CPU
		{47A3255B-F331-4B65-9622-742BCB70055D}.Debug|ARM.ActiveCfg = Debug|Any CPU
		{47A3255B-F331-4B65-9622-742BCB70055D}.Debug|Mixed Platforms.ActiveCfg = Debug|Any CPU
		{47A3255B-F331-4B65-9622-742BCB70055D}.Debug|Mixed Platforms.Build.0 = Debug|Any CPU
		{47A3255B-F331-4B65-9622-742BCB70055D}.Debug|Win32.ActiveCfg = Debug|Any CPU
		{47A3255B-F331-4B65-9622-742BCB70055D}.Debug|x64.ActiveCfg = Debug|Any CPU
		{47A3255B-F331-4B65-9622-742BCB70055D}.Release|Any CPU.ActiveCfg = Release|Any CPU
		{47A3255B-F331-4B65-9622-742BCB70055D}.Release|Any CPU.Build.0 = Release|Any CPU
		{47A3255B-F331-4B65-9622-742BCB70055D}.Release|ARM.ActiveCfg = Release|Any CPU
		{47A3255B-F331-4B65-9622-742BCB70055D}.Release|Mixed Platforms.ActiveCfg = Release|Any CPU
		{47A3255B-F331-4B65-9622-742BCB70055D}.Release|Mixed Platforms.Build.0 = Release|Any CPU
		{47A3255B-F331-4B65-9622-742BCB70055D}.Release|Win32.ActiveCfg = Release|Any CPU
		{47A3255B-F331-4B65-9622-742BCB70055D}.Release|x64.ActiveCfg = Release|Any CPU
		{7CF1979D-DD2E-43FB-A7C7-BE60C4006213}.Debug|Any CPU.ActiveCfg = Debug|Any CPU
		{7CF1979D-DD2E-43FB-A7C7-BE60C4006213}.Debug|Any CPU.Build.0 = Debug|Any CPU
		{7CF1979D-DD2E-43FB-A7C7-BE60C4006213}.Debug|ARM.ActiveCfg = Debug|Any CPU
		{7CF1979D-DD2E-43FB-A7C7-BE60C4006213}.Debug|Mixed Platforms.ActiveCfg = Debug|Any CPU
		{7CF1979D-DD2E-43FB-A7C7-BE60C4006213}.Debug|Mixed Platforms.Build.0 = Debug|Any CPU
		{7CF1979D-DD2E-43FB-A7C7-BE60C4006213}.Debug|Win32.ActiveCfg = Debug|Any CPU
		{7CF1979D-DD2E-43FB-A7C7-BE60C4006213}.Debug|x64.ActiveCfg = Debug|Any CPU
		{7CF1979D-DD2E-43FB-A7C7-BE60C4006213}.Release|Any CPU.ActiveCfg = Release|Any CPU
		{7CF1979D-DD2E-43FB-A7C7-BE60C4006213}.Release|Any CPU.Build.0 = Release|Any CPU
		{7CF1979D-DD2E-43FB-A7C7-BE60C4006213}.Release|ARM.ActiveCfg = Release|Any CPU
		{7CF1979D-DD2E-43FB-A7C7-BE60C4006213}.Release|Mixed Platforms.ActiveCfg = Release|Any CPU
		{7CF1979D-DD2E-43FB-A7C7-BE60C4006213}.Release|Mixed Platforms.Build.0 = Release|Any CPU
		{7CF1979D-DD2E-43FB-A7C7-BE60C4006213}.Release|Win32.ActiveCfg = Release|Any CPU
		{7CF1979D-DD2E-43FB-A7C7-BE60C4006213}.Release|x64.ActiveCfg = Release|Any CPU
		{D420654F-9773-4708-A634-22B409890BDE}.Debug|Any CPU.ActiveCfg = Debug|Any CPU
		{D420654F-9773-4708-A634-22B409890BDE}.Debug|Any CPU.Build.0 = Debug|Any CPU
		{D420654F-9773-4708-A634-22B409890BDE}.Debug|ARM.ActiveCfg = Debug|Any CPU
		{D420654F-9773-4708-A634-22B409890BDE}.Debug|Mixed Platforms.ActiveCfg = Debug|Any CPU
		{D420654F-9773-4708-A634-22B409890BDE}.Debug|Mixed Platforms.Build.0 = Debug|Any CPU
		{D420654F-9773-4708-A634-22B409890BDE}.Debug|Win32.ActiveCfg = Debug|Any CPU
		{D420654F-9773-4708-A634-22B409890BDE}.Debug|x64.ActiveCfg = Debug|Any CPU
		{D420654F-9773-4708-A634-22B409890BDE}.Release|Any CPU.ActiveCfg = Release|Any CPU
		{D420654F-9773-4708-A634-22B409890BDE}.Release|Any CPU.Build.0 = Release|Any CPU
		{D420654F-9773-4708-A634-22B409890BDE}.Release|ARM.ActiveCfg = Release|Any CPU
		{D420654F-9773-4708-A634-22B409890BDE}.Release|Mixed Platforms.ActiveCfg = Release|Any CPU
		{D420654F-9773-4708-A634-22B409890BDE}.Release|Mixed Platforms.Build.0 = Release|Any CPU
		{D420654F-9773-4708-A634-22B409890BDE}.Release|Win32.ActiveCfg = Release|Any CPU
		{D420654F-9773-4708-A634-22B409890BDE}.Release|x64.ActiveCfg = Release|Any CPU
		{54E706F1-DE84-4755-93FF-10AAD004AA26}.Debug|Any CPU.ActiveCfg = Debug|Any CPU
		{54E706F1-DE84-4755-93FF-10AAD004AA26}.Debug|Any CPU.Build.0 = Debug|Any CPU
		{54E706F1-DE84-4755-93FF-10AAD004AA26}.Debug|ARM.ActiveCfg = Debug|Any CPU
		{54E706F1-DE84-4755-93FF-10AAD004AA26}.Debug|Mixed Platforms.ActiveCfg = Debug|Any CPU
		{54E706F1-DE84-4755-93FF-10AAD004AA26}.Debug|Mixed Platforms.Build.0 = Debug|Any CPU
		{54E706F1-DE84-4755-93FF-10AAD004AA26}.Debug|Win32.ActiveCfg = Debug|Any CPU
		{54E706F1-DE84-4755-93FF-10AAD004AA26}.Debug|x64.ActiveCfg = Debug|Any CPU
		{54E706F1-DE84-4755-93FF-10AAD004AA26}.Release|Any CPU.ActiveCfg = Release|Any CPU
		{54E706F1-DE84-4755-93FF-10AAD004AA26}.Release|Any CPU.Build.0 = Release|Any CPU
		{54E706F1-DE84-4755-93FF-10AAD004AA26}.Release|ARM.ActiveCfg = Release|Any CPU
		{54E706F1-DE84-4755-93FF-10AAD004AA26}.Release|Mixed Platforms.ActiveCfg = Release|Any CPU
		{54E706F1-DE84-4755-93FF-10AAD004AA26}.Release|Mixed Platforms.Build.0 = Release|Any CPU
		{54E706F1-DE84-4755-93FF-10AAD004AA26}.Release|Win32.ActiveCfg = Release|Any CPU
		{54E706F1-DE84-4755-93FF-10AAD004AA26}.Release|x64.ActiveCfg = Release|Any CPU
		{014127DC-812E-40DF-9819-EF88A11EC69E}.Debug|Any CPU.ActiveCfg = Debug|Any CPU
		{014127DC-812E-40DF-9819-EF88A11EC69E}.Debug|Any CPU.Build.0 = Debug|Any CPU
		{014127DC-812E-40DF-9819-EF88A11EC69E}.Debug|ARM.ActiveCfg = Debug|Any CPU
		{014127DC-812E-40DF-9819-EF88A11EC69E}.Debug|Mixed Platforms.ActiveCfg = Debug|Any CPU
		{014127DC-812E-40DF-9819-EF88A11EC69E}.Debug|Mixed Platforms.Build.0 = Debug|Any CPU
		{014127DC-812E-40DF-9819-EF88A11EC69E}.Debug|Win32.ActiveCfg = Debug|Any CPU
		{014127DC-812E-40DF-9819-EF88A11EC69E}.Debug|x64.ActiveCfg = Debug|Any CPU
		{014127DC-812E-40DF-9819-EF88A11EC69E}.Release|Any CPU.ActiveCfg = Release|Any CPU
		{014127DC-812E-40DF-9819-EF88A11EC69E}.Release|Any CPU.Build.0 = Release|Any CPU
		{014127DC-812E-40DF-9819-EF88A11EC69E}.Release|ARM.ActiveCfg = Release|Any CPU
		{014127DC-812E-40DF-9819-EF88A11EC69E}.Release|Mixed Platforms.ActiveCfg = Release|Any CPU
		{014127DC-812E-40DF-9819-EF88A11EC69E}.Release|Mixed Platforms.Build.0 = Release|Any CPU
		{014127DC-812E-40DF-9819-EF88A11EC69E}.Release|Win32.ActiveCfg = Release|Any CPU
		{014127DC-812E-40DF-9819-EF88A11EC69E}.Release|x64.ActiveCfg = Release|Any CPU
		{01AD22F7-8B5F-489E-A25A-39FE57C5019B}.Debug|Any CPU.ActiveCfg = Debug|Any CPU
		{01AD22F7-8B5F-489E-A25A-39FE57C5019B}.Debug|Any CPU.Build.0 = Debug|Any CPU
		{01AD22F7-8B5F-489E-A25A-39FE57C5019B}.Debug|ARM.ActiveCfg = Debug|Any CPU
		{01AD22F7-8B5F-489E-A25A-39FE57C5019B}.Debug|Mixed Platforms.ActiveCfg = Debug|Any CPU
		{01AD22F7-8B5F-489E-A25A-39FE57C5019B}.Debug|Mixed Platforms.Build.0 = Debug|Any CPU
		{01AD22F7-8B5F-489E-A25A-39FE57C5019B}.Debug|Win32.ActiveCfg = Debug|Any CPU
		{01AD22F7-8B5F-489E-A25A-39FE57C5019B}.Debug|x64.ActiveCfg = Debug|Any CPU
		{01AD22F7-8B5F-489E-A25A-39FE57C5019B}.Release|Any CPU.ActiveCfg = Release|Any CPU
		{01AD22F7-8B5F-489E-A25A-39FE57C5019B}.Release|Any CPU.Build.0 = Release|Any CPU
		{01AD22F7-8B5F-489E-A25A-39FE57C5019B}.Release|ARM.ActiveCfg = Release|Any CPU
		{01AD22F7-8B5F-489E-A25A-39FE57C5019B}.Release|Mixed Platforms.ActiveCfg = Release|Any CPU
		{01AD22F7-8B5F-489E-A25A-39FE57C5019B}.Release|Mixed Platforms.Build.0 = Release|Any CPU
		{01AD22F7-8B5F-489E-A25A-39FE57C5019B}.Release|Win32.ActiveCfg = Release|Any CPU
		{01AD22F7-8B5F-489E-A25A-39FE57C5019B}.Release|x64.ActiveCfg = Release|Any CPU
		{BDEA786B-300F-4074-A9CA-8603004F29F6}.Debug|Any CPU.ActiveCfg = Debug|Any CPU
		{BDEA786B-300F-4074-A9CA-8603004F29F6}.Debug|Any CPU.Build.0 = Debug|Any CPU
		{BDEA786B-300F-4074-A9CA-8603004F29F6}.Debug|ARM.ActiveCfg = Debug|Any CPU
		{BDEA786B-300F-4074-A9CA-8603004F29F6}.Debug|Mixed Platforms.ActiveCfg = Debug|Any CPU
		{BDEA786B-300F-4074-A9CA-8603004F29F6}.Debug|Mixed Platforms.Build.0 = Debug|Any CPU
		{BDEA786B-300F-4074-A9CA-8603004F29F6}.Debug|Win32.ActiveCfg = Debug|Any CPU
		{BDEA786B-300F-4074-A9CA-8603004F29F6}.Debug|x64.ActiveCfg = Debug|Any CPU
		{BDEA786B-300F-4074-A9CA-8603004F29F6}.Release|Any CPU.ActiveCfg = Release|Any CPU
		{BDEA786B-300F-4074-A9CA-8603004F29F6}.Release|Any CPU.Build.0 = Release|Any CPU
		{BDEA786B-300F-4074-A9CA-8603004F29F6}.Release|ARM.ActiveCfg = Release|Any CPU
		{BDEA786B-300F-4074-A9CA-8603004F29F6}.Release|Mixed Platforms.ActiveCfg = Release|Any CPU
		{BDEA786B-300F-4074-A9CA-8603004F29F6}.Release|Mixed Platforms.Build.0 = Release|Any CPU
		{BDEA786B-300F-4074-A9CA-8603004F29F6}.Release|Win32.ActiveCfg = Release|Any CPU
		{BDEA786B-300F-4074-A9CA-8603004F29F6}.Release|x64.ActiveCfg = Release|Any CPU
	EndGlobalSection
	GlobalSection(SolutionProperties) = preSolution
		HideSolutionNode = FALSE
	EndGlobalSection
EndGlobal
